{
  "name": "max-node-tts",
  "version": "1.0.0",
  "lockfileVersion": 1,
  "requires": true,
  "dependencies": {
    "simpletts": {
      "version": "2.3.0",
      "resolved": "https://registry.npmjs.org/simpletts/-/simpletts-2.3.0.tgz",
      "integrity": "sha512-4SfxMa3eF8dNvR5IXt8xNvPTlN/zEPwDx0Kv8DQCoM7WLoNCEoWF0rhKn+E6BaT5ou+2Y9YuK0om1ADWIWlnJg=="
    }
  }
}
